{
  "name": "leaflet.timedimension.rainviewer",
  "version": "0.1.0",
  "lockfileVersion": 2,
  "requires": true,
  "packages": {
    "": {
      "name": "leaflet.timedimension.rainviewer",
      "version": "0.1.0",
      "license": "MIT",
      "dependencies": {
        "leaflet-timedimension": "^1.1.1"
      }
    },
    "node_modules/iso8601-js-period": {
      "version": "0.2.1",
      "resolved": "https://registry.npmjs.org/iso8601-js-period/-/iso8601-js-period-0.2.1.tgz",
      "integrity": "sha512-iDyz2TQFBd5WhCZjruOwHj01JkQGu7YbVLCVdpA7lCGEcBzE3ffCPAhLh/M8TAp//kCixPpYN4XU54WHCxvD2Q=="
    },
    "node_modules/leaflet": {
      "version": "1.9.4",
      "resolved": "https://registry.npmjs.org/leaflet/-/leaflet-1.9.4.tgz",
      "integrity": "sha512-nxS1ynzJOmOlHp+iL3FyWqK89GtNL8U8rvlMOsQdTTssxZwCXh8N2NB3GDQOL+YR3XnWyZAxwQixURb+FA74PA=="
    },
    "node_modules/leaflet-timedimension": {
      "version": "1.1.1",
      "resolved": "https://registry.npmjs.org/leaflet-timedimension/-/leaflet-timedimension-1.1.1.tgz",
      "integrity": "sha512-ejXldN94veRsWka1vpC+4rbH+2+3d3ztn2xYx4jcXtjYDrKC/sNnoqCmyH2UEYIy51PI2851aI2k8uGdOEbhlw==",
      "dependencies": {
        "iso8601-js-period": "^0.2.1",
        "leaflet": "~0.7.4 || ~1"
      }
    }
  },
  "dependencies": {
    "iso8601-js-period": {
      "version": "0.2.1",
      "resolved": "https://registry.npmjs.org/iso8601-js-period/-/iso8601-js-period-0.2.1.tgz",
      "integrity": "sha512-iDyz2TQFBd5WhCZjruOwHj01JkQGu7YbVLCVdpA7lCGEcBzE3ffCPAhLh/M8TAp//kCixPpYN4XU54WHCxvD2Q=="
    },
    "leaflet": {
      "version": "1.9.4",
      "resolved": "https://registry.npmjs.org/leaflet/-/leaflet-1.9.4.tgz",
      "integrity": "sha512-nxS1ynzJOmOlHp+iL3FyWqK89GtNL8U8rvlMOsQdTTssxZwCXh8N2NB3GDQOL+YR3XnWyZAxwQixURb+FA74PA=="
    },
    "leaflet-timedimension": {
      "version": "1.1.1",
      "resolved": "https://registry.npmjs.org/leaflet-timedimension/-/leaflet-timedimension-1.1.1.tgz",
      "integrity": "sha512-ejXldN94veRsWka1vpC+4rbH+2+3d3ztn2xYx4jcXtjYDrKC/sNnoqCmyH2UEYIy51PI2851aI2k8uGdOEbhlw==",
      "requires": {
        "iso8601-js-period": "^0.2.1",
        "leaflet": "~0.7.4 || ~1"
      }
    }
  }
}
